
Microsoft Visual Studio Solution File, Format Version 12.00
# Visual Studio Version 17
VisualStudioVersion = 17.3.32819.101
MinimumVisualStudioVersion = 10.0.40219.1
Project("{FAE04EC0-301F-11D3-BF4B-00C04F79EFBC}") = "CodeFirstApi", "CodeFirstApi.csproj", "{2D1C3F69-68B1-4A2C-8B74-83C74702743E}"
EndProject
Global
	GlobalSection(SolutionConfigurationPlatforms) = preSolution
		Debug|Any CPU = Debug|Any CPU
		Release|Any CPU = Release|Any CPU
	EndGlobalSection
	GlobalSection(ProjectConfigurationPlatforms) = postSolution
		{2D1C3F69-68B1-4A2C-8B74-83C74702743E}.Debug|Any CPU.ActiveCfg = Debug|Any CPU
		{2D1C3F69-68B1-4A2C-8B74-83C74702743E}.Debug|Any CPU.Build.0 = Debug|Any CPU
		{2D1C3F69-68B1-4A2C-8B74-83C74702743E}.Release|Any CPU.ActiveCfg = Release|Any CPU
		{2D1C3F69-68B1-4A2C-8B74-83C74702743E}.Release|Any CPU.Build.0 = Release|Any CPU
	EndGlobalSection
	GlobalSection(SolutionProperties) = preSolution
		HideSolutionNode = FALSE
	EndGlobalSection
	GlobalSection(ExtensibilityGlobals) = postSolution
		SolutionGuid = {B7E7F3EE-67AD-4D80-9D0F-7F778D8D85CA}
	EndGlobalSection
EndGlobal
